Microsoft Visual Studio Solution File, Format Version 12.00
# Visual Studio Version 17
VisualStudioVersion = 17.5.2.0
MinimumVisualStudioVersion = 10.0.40219.1
Project("{FAE04EC0-301F-11D3-BF4B-00C04F79EFBC}") = "ExerciceGenerateurMDP", "ExerciceGenerateurMDP.csproj", "{3423DE26-1D01-49E0-F356-41553061BAE1}"
EndProject
Global
	GlobalSection(SolutionConfigurationPlatforms) = preSolution
		Debug|Any CPU = Debug|Any CPU
		Release|Any CPU = Release|Any CPU
	EndGlobalSection
	GlobalSection(ProjectConfigurationPlatforms) = postSolution
		{3423DE26-1D01-49E0-F356-41553061BAE1}.Debug|Any CPU.ActiveCfg = Debug|Any CPU
		{3423DE26-1D01-49E0-F356-41553061BAE1}.Debug|Any CPU.Build.0 = Debug|Any CPU
		{3423DE26-1D01-49E0-F356-41553061BAE1}.Release|Any CPU.ActiveCfg = Release|Any CPU
		{3423DE26-1D01-49E0-F356-41553061BAE1}.Release|Any CPU.Build.0 = Release|Any CPU
	EndGlobalSection
	GlobalSection(SolutionProperties) = preSolution
		HideSolutionNode = FALSE
	EndGlobalSection
	GlobalSection(ExtensibilityGlobals) = postSolution
		SolutionGuid = {EC7A483D-69DF-4463-8C8F-BB7749923261}
	EndGlobalSection
EndGlobal
